
Microsoft Visual Studio Solution File, Format Version 12.00
# Visual Studio Version 17
VisualStudioVersion = 17.9.34728.123
MinimumVisualStudioVersion = 10.0.40219.1
Project("{8BC9CEB8-8B4A-11D0-8D11-00A0C91BC942}") = "UDPManager", "src\UDPManager\UDPManager.vcxproj", "{D0397AE5-864E-401F-93CE-1075DCD4A9F7}"
EndProject
Project("{8BC9CEB8-8B4A-11D0-8D11-00A0C91BC942}") = "SIMMain", "src\SIMMain\SIMMain.vcxproj", "{17AA90BE-CB67-42F5-92AC-AB79B0DCA08B}"
EndProject
Project("{8BC9CEB8-8B4A-11D0-8D11-00A0C91BC942}") = "SIMModelManager", "src\SIMModelManager\SIMModelManager.vcxproj", "{1422E280-64A5-4E3D-915A-762DDB5233AD}"
EndProject
Project("{8BC9CEB8-8B4A-11D0-8D11-00A0C91BC942}") = "UnitTest", "UnitTest\UnitTest.vcxproj", "{28171C0C-4ED6-41B4-8F8E-AF2698664D11}"
EndProject
Global
	GlobalSection(SolutionConfigurationPlatforms) = preSolution
		Debug|x64 = Debug|x64
		Debug|x86 = Debug|x86
		Release|x64 = Release|x64
		Release|x86 = Release|x86
	EndGlobalSection
	GlobalSection(ProjectConfigurationPlatforms) = postSolution
		{D0397AE5-864E-401F-93CE-1075DCD4A9F7}.Debug|x64.ActiveCfg = Debug|x64
		{D0397AE5-864E-401F-93CE-1075DCD4A9F7}.Debug|x64.Build.0 = Debug|x64
		{D0397AE5-864E-401F-93CE-1075DCD4A9F7}.Debug|x86.ActiveCfg = Debug|Win32
		{D0397AE5-864E-401F-93CE-1075DCD4A9F7}.Debug|x86.Build.0 = Debug|Win32
		{D0397AE5-864E-401F-93CE-1075DCD4A9F7}.Release|x64.ActiveCfg = Release|x64
		{D0397AE5-864E-401F-93CE-1075DCD4A9F7}.Release|x64.Build.0 = Release|x64
		{D0397AE5-864E-401F-93CE-1075DCD4A9F7}.Release|x86.ActiveCfg = Release|Win32
		{D0397AE5-864E-401F-93CE-1075DCD4A9F7}.Release|x86.Build.0 = Release|Win32
		{17AA90BE-CB67-42F5-92AC-AB79B0DCA08B}.Debug|x64.ActiveCfg = Debug|x64
		{17AA90BE-CB67-42F5-92AC-AB79B0DCA08B}.Debug|x64.Build.0 = Debug|x64
		{17AA90BE-CB67-42F5-92AC-AB79B0DCA08B}.Debug|x86.ActiveCfg = Debug|Win32
		{17AA90BE-CB67-42F5-92AC-AB79B0DCA08B}.Debug|x86.Build.0 = Debug|Win32
		{17AA90BE-CB67-42F5-92AC-AB79B0DCA08B}.Release|x64.ActiveCfg = Release|x64
		{17AA90BE-CB67-42F5-92AC-AB79B0DCA08B}.Release|x64.Build.0 = Release|x64
		{17AA90BE-CB67-42F5-92AC-AB79B0DCA08B}.Release|x86.ActiveCfg = Release|Win32
		{17AA90BE-CB67-42F5-92AC-AB79B0DCA08B}.Release|x86.Build.0 = Release|Win32
		{1422E280-64A5-4E3D-915A-762DDB5233AD}.Debug|x64.ActiveCfg = Debug|x64
		{1422E280-64A5-4E3D-915A-762DDB5233AD}.Debug|x64.Build.0 = Debug|x64
		{1422E280-64A5-4E3D-915A-762DDB5233AD}.Debug|x86.ActiveCfg = Debug|Win32
		{1422E280-64A5-4E3D-915A-762DDB5233AD}.Debug|x86.Build.0 = Debug|Win32
		{1422E280-64A5-4E3D-915A-762DDB5233AD}.Release|x64.ActiveCfg = Release|x64
		{1422E280-64A5-4E3D-915A-762DDB5233AD}.Release|x64.Build.0 = Release|x64
		{1422E280-64A5-4E3D-915A-762DDB5233AD}.Release|x86.ActiveCfg = Release|Win32
		{1422E280-64A5-4E3D-915A-762DDB5233AD}.Release|x86.Build.0 = Release|Win32
		{28171C0C-4ED6-41B4-8F8E-AF2698664D11}.Debug|x64.ActiveCfg = Debug|x64
		{28171C0C-4ED6-41B4-8F8E-AF2698664D11}.Debug|x64.Build.0 = Debug|x64
		{28171C0C-4ED6-41B4-8F8E-AF2698664D11}.Debug|x86.ActiveCfg = Debug|Win32
		{28171C0C-4ED6-41B4-8F8E-AF2698664D11}.Debug|x86.Build.0 = Debug|Win32
		{28171C0C-4ED6-41B4-8F8E-AF2698664D11}.Release|x64.ActiveCfg = Release|x64
		{28171C0C-4ED6-41B4-8F8E-AF2698664D11}.Release|x64.Build.0 = Release|x64
		{28171C0C-4ED6-41B4-8F8E-AF2698664D11}.Release|x86.ActiveCfg = Release|Win32
		{28171C0C-4ED6-41B4-8F8E-AF2698664D11}.Release|x86.Build.0 = Release|Win32
	EndGlobalSection
	GlobalSection(SolutionProperties) = preSolution
		HideSolutionNode = FALSE
	EndGlobalSection
	GlobalSection(ExtensibilityGlobals) = postSolution
		SolutionGuid = {6FBAEDAC-206F-498D-A9BA-162365C860B5}
	EndGlobalSection
EndGlobal
