<?xml version="1.0" encoding="utf-8"?>
<Project ToolsVersion="4.0" xmlns="http://schemas.microsoft.com/developer/msbuild/2003">
  <ItemGroup>
    <ClCompile Include="ATSCommunicationManager.cpp">
      <Filter>소스 파일</Filter>
    </ClCompile>
    <ClCompile Include="CommMessageHandler.cpp">
      <Filter>소스 파일</Filter>
    </ClCompile>
  </ItemGroup>
  <ItemGroup>
    <ClInclude Include="ATSCommunicationManager.h">
      <Filter>헤더 파일</Filter>
    </ClInclude>
    <ClInclude Include="CommMessageHandler.h">
      <Filter>헤더 파일</Filter>
    </ClInclude>
  </ItemGroup>
  <ItemGroup>
    <Filter Include="리소스 파일">
      <UniqueIdentifier>{2753e9e9-a910-4e66-bbb3-7762f2e6df88}</UniqueIdentifier>
    </Filter>
    <Filter Include="소스 파일">
      <UniqueIdentifier>{da15fb26-179d-41d7-83c8-de82ac791ec1}</UniqueIdentifier>
    </Filter>
    <Filter Include="헤더 파일">
      <UniqueIdentifier>{18e4782d-f9b3-42d2-9a3f-b23c711aef41}</UniqueIdentifier>
    </Filter>
  </ItemGroup>
  <ItemGroup>
    <None Include="..\..\bin\ATSCommunicationManager\CommLinkInfo.ini">
      <Filter>리소스 파일</Filter>
    </None>
  </ItemGroup>
  <ItemGroup>
    <Xml Include="..\..\bin\ATSCommunicationManager\ATSCommunicationManager.xml">
      <Filter>리소스 파일</Filter>
    </Xml>
  </ItemGroup>
</Project>